
Microsoft Visual Studio Solution File, Format Version 12.00
# Visual Studio Version 17
VisualStudioVersion = 17.0.31903.59
MinimumVisualStudioVersion = 10.0.40219.1
Project("{FAE04EC0-301F-11D3-BF4B-00C04F79EFBC}") = "EventLogistics.Domain", "EventLogistics.Domain\EventLogistics.Domain.csproj", "{7A824905-6170-48A8-83CB-444D974BF47E}"
EndProject
Project("{FAE04EC0-301F-11D3-BF4B-00C04F79EFBC}") = "EventLogistics.Application", "EventLogistics.Application\EventLogistics.Application.csproj", "{17F87CF7-5123-4D7E-8543-03CD40108B99}"
EndProject
Project("{FAE04EC0-301F-11D3-BF4B-00C04F79EFBC}") = "EventLogistics.Infrastructure", "EventLogistics.Infrastructure\EventLogistics.Infrastructure.csproj", "{D263C4BF-9E92-48C6-BE90-141452A10134}"
EndProject
Project("{FAE04EC0-301F-11D3-BF4B-00C04F79EFBC}") = "EventLogistics.Api", "EventLogistics.Api\EventLogistics.Api.csproj", "{C520A46F-3CCE-4CC5-BFC7-24BD87985320}"
EndProject
Global
	GlobalSection(SolutionConfigurationPlatforms) = preSolution
		Debug|Any CPU = Debug|Any CPU
		Debug|x64 = Debug|x64
		Debug|x86 = Debug|x86
		Release|Any CPU = Release|Any CPU
		Release|x64 = Release|x64
		Release|x86 = Release|x86
	EndGlobalSection
	GlobalSection(ProjectConfigurationPlatforms) = postSolution
		{7A824905-6170-48A8-83CB-444D974BF47E}.Debug|Any CPU.ActiveCfg = Debug|Any CPU
		{7A824905-6170-48A8-83CB-444D974BF47E}.Debug|Any CPU.Build.0 = Debug|Any CPU
		{7A824905-6170-48A8-83CB-444D974BF47E}.Debug|x64.ActiveCfg = Debug|Any CPU
		{7A824905-6170-48A8-83CB-444D974BF47E}.Debug|x64.Build.0 = Debug|Any CPU
		{7A824905-6170-48A8-83CB-444D974BF47E}.Debug|x86.ActiveCfg = Debug|Any CPU
		{7A824905-6170-48A8-83CB-444D974BF47E}.Debug|x86.Build.0 = Debug|Any CPU
		{7A824905-6170-48A8-83CB-444D974BF47E}.Release|Any CPU.ActiveCfg = Release|Any CPU
		{7A824905-6170-48A8-83CB-444D974BF47E}.Release|Any CPU.Build.0 = Release|Any CPU
		{7A824905-6170-48A8-83CB-444D974BF47E}.Release|x64.ActiveCfg = Release|Any CPU
		{7A824905-6170-48A8-83CB-444D974BF47E}.Release|x64.Build.0 = Release|Any CPU
		{7A824905-6170-48A8-83CB-444D974BF47E}.Release|x86.ActiveCfg = Release|Any CPU
		{7A824905-6170-48A8-83CB-444D974BF47E}.Release|x86.Build.0 = Release|Any CPU
		{17F87CF7-5123-4D7E-8543-03CD40108B99}.Debug|Any CPU.ActiveCfg = Debug|Any CPU
		{17F87CF7-5123-4D7E-8543-03CD40108B99}.Debug|Any CPU.Build.0 = Debug|Any CPU
		{17F87CF7-5123-4D7E-8543-03CD40108B99}.Debug|x64.ActiveCfg = Debug|Any CPU
		{17F87CF7-5123-4D7E-8543-03CD40108B99}.Debug|x64.Build.0 = Debug|Any CPU
		{17F87CF7-5123-4D7E-8543-03CD40108B99}.Debug|x86.ActiveCfg = Debug|Any CPU
		{17F87CF7-5123-4D7E-8543-03CD40108B99}.Debug|x86.Build.0 = Debug|Any CPU
		{17F87CF7-5123-4D7E-8543-03CD40108B99}.Release|Any CPU.ActiveCfg = Release|Any CPU
		{17F87CF7-5123-4D7E-8543-03CD40108B99}.Release|Any CPU.Build.0 = Release|Any CPU
		{17F87CF7-5123-4D7E-8543-03CD40108B99}.Release|x64.ActiveCfg = Release|Any CPU
		{17F87CF7-5123-4D7E-8543-03CD40108B99}.Release|x64.Build.0 = Release|Any CPU
		{17F87CF7-5123-4D7E-8543-03CD40108B99}.Release|x86.ActiveCfg = Release|Any CPU
		{17F87CF7-5123-4D7E-8543-03CD40108B99}.Release|x86.Build.0 = Release|Any CPU
		{D263C4BF-9E92-48C6-BE90-141452A10134}.Debug|Any CPU.ActiveCfg = Debug|Any CPU
		{D263C4BF-9E92-48C6-BE90-141452A10134}.Debug|Any CPU.Build.0 = Debug|Any CPU
		{D263C4BF-9E92-48C6-BE90-141452A10134}.Debug|x64.ActiveCfg = Debug|Any CPU
		{D263C4BF-9E92-48C6-BE90-141452A10134}.Debug|x64.Build.0 = Debug|Any CPU
		{D263C4BF-9E92-48C6-BE90-141452A10134}.Debug|x86.ActiveCfg = Debug|Any CPU
		{D263C4BF-9E92-48C6-BE90-141452A10134}.Debug|x86.Build.0 = Debug|Any CPU
		{D263C4BF-9E92-48C6-BE90-141452A10134}.Release|Any CPU.ActiveCfg = Release|Any CPU
		{D263C4BF-9E92-48C6-BE90-141452A10134}.Release|Any CPU.Build.0 = Release|Any CPU
		{D263C4BF-9E92-48C6-BE90-141452A10134}.Release|x64.ActiveCfg = Release|Any CPU
		{D263C4BF-9E92-48C6-BE90-141452A10134}.Release|x64.Build.0 = Release|Any CPU
		{D263C4BF-9E92-48C6-BE90-141452A10134}.Release|x86.ActiveCfg = Release|Any CPU
		{D263C4BF-9E92-48C6-BE90-141452A10134}.Release|x86.Build.0 = Release|Any CPU
		{C520A46F-3CCE-4CC5-BFC7-24BD87985320}.Debug|Any CPU.ActiveCfg = Debug|Any CPU
		{C520A46F-3CCE-4CC5-BFC7-24BD87985320}.Debug|Any CPU.Build.0 = Debug|Any CPU
		{C520A46F-3CCE-4CC5-BFC7-24BD87985320}.Debug|x64.ActiveCfg = Debug|Any CPU
		{C520A46F-3CCE-4CC5-BFC7-24BD87985320}.Debug|x64.Build.0 = Debug|Any CPU
		{C520A46F-3CCE-4CC5-BFC7-24BD87985320}.Debug|x86.ActiveCfg = Debug|Any CPU
		{C520A46F-3CCE-4CC5-BFC7-24BD87985320}.Debug|x86.Build.0 = Debug|Any CPU
		{C520A46F-3CCE-4CC5-BFC7-24BD87985320}.Release|Any CPU.ActiveCfg = Release|Any CPU
		{C520A46F-3CCE-4CC5-BFC7-24BD87985320}.Release|Any CPU.Build.0 = Release|Any CPU
		{C520A46F-3CCE-4CC5-BFC7-24BD87985320}.Release|x64.ActiveCfg = Release|Any CPU
		{C520A46F-3CCE-4CC5-BFC7-24BD87985320}.Release|x64.Build.0 = Release|Any CPU
		{C520A46F-3CCE-4CC5-BFC7-24BD87985320}.Release|x86.ActiveCfg = Release|Any CPU
		{C520A46F-3CCE-4CC5-BFC7-24BD87985320}.Release|x86.Build.0 = Release|Any CPU
	EndGlobalSection
	GlobalSection(SolutionProperties) = preSolution
		HideSolutionNode = FALSE
	EndGlobalSection
EndGlobal
